
Microsoft Visual Studio Solution File, Format Version 12.00
# Visual Studio 15
VisualStudioVersion = 15.0.28307.779
MinimumVisualStudioVersion = 10.0.40219.1
Project("{FAE04EC0-301F-11D3-BF4B-00C04F79EFBC}") = "StokTakip", "StokTakip\StokTakip.csproj", "{6939D383-7E47-489C-A598-8DB26CC2C74A}"
EndProject
Global
	GlobalSection(SolutionConfigurationPlatforms) = preSolution
		Debug|Any CPU = Debug|Any CPU
		Release|Any CPU = Release|Any CPU
	EndGlobalSection
	GlobalSection(ProjectConfigurationPlatforms) = postSolution
		{6939D383-7E47-489C-A598-8DB26CC2C74A}.Debug|Any CPU.ActiveCfg = Debug|Any CPU
		{6939D383-7E47-489C-A598-8DB26CC2C74A}.Debug|Any CPU.Build.0 = Debug|Any CPU
		{6939D383-7E47-489C-A598-8DB26CC2C74A}.Release|Any CPU.ActiveCfg = Release|Any CPU
		{6939D383-7E47-489C-A598-8DB26CC2C74A}.Release|Any CPU.Build.0 = Release|Any CPU
	EndGlobalSection
	GlobalSection(SolutionProperties) = preSolution
		HideSolutionNode = FALSE
	EndGlobalSection
	GlobalSection(ExtensibilityGlobals) = postSolution
		SolutionGuid = {D7986DE7-75DF-4056-83DC-539BF5CADED4}
	EndGlobalSection
EndGlobal
